{
  "nodes": {
    "helium-browser": {
      "inputs": {
        "nixpkgs": [
          "nixpkgs"
        ]
      },
      "locked": {
        "lastModified": 1782554864,
        "narHash": "sha256-pKSHFlhPI4sAVBVFb/hJTKwmrDc5fs0ue05AhgBFhOU=",
        "owner": "oxcl",
        "repo": "nix-flake-helium-browser",
        "rev": "48b890e472394476a673d3c8d872aec05099210b",
        "type": "github"
      },
      "original": {
        "owner": "oxcl",
        "repo": "nix-flake-helium-browser",
        "type": "github"
      }
    },
    "home-manager": {
      "inputs": {
        "nixpkgs": [
          "nixpkgs"
        ]
      },
      "locked": {
        "lastModified": 1781981105,
        "narHash": "sha256-/1nNBbA7PrSQpTc9Qazkhl4kIPg+TNl0CjxS3UQJKlw=",
        "owner": "nix-community",
        "repo": "home-manager",
        "rev": "7bfff44b465909f69a442701293bc0badcf476dc",
        "type": "github"
      },
      "original": {
        "owner": "nix-community",
        "ref": "release-26.05",
        "repo": "home-manager",
        "type": "github"
      }
    },
    "nixpkgs": {
      "locked": {
        "lastModified": 1782535326,
        "narHash": "sha256-ZeRxu4yn6shd3SNF5ZUQb4r7BaVo1zBKMjRhfoNSBmw=",
        "owner": "NixOS",
        "repo": "nixpkgs",
        "rev": "714a5f8c4ead6b31148d829288440ed033ccc041",
        "type": "github"
      },
      "original": {
        "owner": "NixOS",
        "ref": "nixos-26.05",
        "repo": "nixpkgs",
        "type": "github"
      }
    },
    "nixpkgs_2": {
      "locked": {
        "lastModified": 1781577229,
        "narHash": "sha256-lrp67w8AulE9Ks53n27I45ADSzbOCn4H+CNW1Ck8B+8=",
        "owner": "NixOS",
        "repo": "nixpkgs",
        "rev": "567a49d1913ce81ac6e9582e3553dd90a955875f",
        "type": "github"
      },
      "original": {
        "owner": "NixOS",
        "ref": "nixos-unstable",
        "repo": "nixpkgs",
        "type": "github"
      }
    },
    "root": {
      "inputs": {
        "helium-browser": "helium-browser",
        "home-manager": "home-manager",
        "nixpkgs": "nixpkgs",
        "shojiwm": "shojiwm"
      }
    },
    "shojiwm": {
      "inputs": {
        "nixpkgs": "nixpkgs_2"
      },
      "locked": {
        "lastModified": 1782733893,
        "narHash": "sha256-/7CiLVm9d8dK5lo+2wlRzoK1n9sV0TWSq0bUQq9GRs0=",
        "owner": "bea4dev",
        "repo": "ShojiWM",
        "rev": "52315dee4dc77d9cb377c4e1e2a7a806695d1a45",
        "type": "github"
      },
      "original": {
        "owner": "bea4dev",
        "repo": "ShojiWM",
        "type": "github"
      }
    }
  },
  "root": "root",
  "version": 7
}
